
Microsoft Visual Studio Solution File, Format Version 12.00
# Visual Studio Version 16
VisualStudioVersion = 16.0.29905.134
MinimumVisualStudioVersion = 10.0.40219.1
Project("{9A19103F-16F7-4668-BE54-9A1E7A4F7556}") = "Scheduler", "Scheduler\Scheduler.csproj", "{3BF3E750-BDDF-4037-B284-04350D35A98B}"
EndProject
Project("{9A19103F-16F7-4668-BE54-9A1E7A4F7556}") = "Application", "Application\Application.csproj", "{F3ADBB1F-BB89-4A48-989C-03500767F26F}"
EndProject
Project("{9A19103F-16F7-4668-BE54-9A1E7A4F7556}") = "Core", "Core\Core.csproj", "{4964DE30-7E88-49FB-8F3F-2BF9C1D85893}"
EndProject
Project("{FAE04EC0-301F-11D3-BF4B-00C04F79EFBC}") = "Dashboard", "Dashboard\Dashboard.csproj", "{9C7114F8-92BC-4D82-B01C-A047ECB866F9}"
EndProject
Global
	GlobalSection(SolutionConfigurationPlatforms) = preSolution
		Debug|Any CPU = Debug|Any CPU
		Release|Any CPU = Release|Any CPU
	EndGlobalSection
	GlobalSection(ProjectConfigurationPlatforms) = postSolution
		{3BF3E750-BDDF-4037-B284-04350D35A98B}.Debug|Any CPU.ActiveCfg = Debug|Any CPU
		{3BF3E750-BDDF-4037-B284-04350D35A98B}.Debug|Any CPU.Build.0 = Debug|Any CPU
		{3BF3E750-BDDF-4037-B284-04350D35A98B}.Release|Any CPU.ActiveCfg = Release|Any CPU
		{3BF3E750-BDDF-4037-B284-04350D35A98B}.Release|Any CPU.Build.0 = Release|Any CPU
		{F3ADBB1F-BB89-4A48-989C-03500767F26F}.Debug|Any CPU.ActiveCfg = Debug|Any CPU
		{F3ADBB1F-BB89-4A48-989C-03500767F26F}.Debug|Any CPU.Build.0 = Debug|Any CPU
		{F3ADBB1F-BB89-4A48-989C-03500767F26F}.Release|Any CPU.ActiveCfg = Release|Any CPU
		{F3ADBB1F-BB89-4A48-989C-03500767F26F}.Release|Any CPU.Build.0 = Release|Any CPU
		{4964DE30-7E88-49FB-8F3F-2BF9C1D85893}.Debug|Any CPU.ActiveCfg = Debug|Any CPU
		{4964DE30-7E88-49FB-8F3F-2BF9C1D85893}.Debug|Any CPU.Build.0 = Debug|Any CPU
		{4964DE30-7E88-49FB-8F3F-2BF9C1D85893}.Release|Any CPU.ActiveCfg = Release|Any CPU
		{4964DE30-7E88-49FB-8F3F-2BF9C1D85893}.Release|Any CPU.Build.0 = Release|Any CPU
		{9C7114F8-92BC-4D82-B01C-A047ECB866F9}.Debug|Any CPU.ActiveCfg = Debug|Any CPU
		{9C7114F8-92BC-4D82-B01C-A047ECB866F9}.Debug|Any CPU.Build.0 = Debug|Any CPU
		{9C7114F8-92BC-4D82-B01C-A047ECB866F9}.Release|Any CPU.ActiveCfg = Release|Any CPU
		{9C7114F8-92BC-4D82-B01C-A047ECB866F9}.Release|Any CPU.Build.0 = Release|Any CPU
	EndGlobalSection
	GlobalSection(SolutionProperties) = preSolution
		HideSolutionNode = FALSE
	EndGlobalSection
	GlobalSection(ExtensibilityGlobals) = postSolution
		SolutionGuid = {C4A90863-632A-4202-B515-D4699F2CAE71}
	EndGlobalSection
EndGlobal
